{
  "pins" : [
    {
      "identity" : "aestesis_alib",
      "kind" : "remoteSourceControl",
      "location" : "https://github.com/aestesis/aestesis_alib.git",
      "state" : {
        "branch" : "main",
        "revision" : "d0bf44fbb9cc50bcb1707288d5132492ec8aa824"
      }
    },
    {
      "identity" : "libtess",
      "kind" : "remoteSourceControl",
      "location" : "https://github.com/aestesis/libtess.git",
      "state" : {
        "branch" : "master",
        "revision" : "45e1819be91de0374f0fecfde1f6811a8cb5ee95"
      }
    }
  ],
  "version" : 2
}
